PODS:
  - FMDB (2.7.5):
    - FMDB/standard (= 2.7.5)
  - FMDB/standard (2.7.5)
  - MJRefresh (3.2.0)
  - SDWebImage (5.4.0):
    - SDWebImage/Core (= 5.4.0)
  - SDWebImage/Core (5.4.0)

DEPENDENCIES:
  - FMDB
  - MJRefresh
  - SDWebImage

SPEC REPOS:
  https://github.com/CocoaPods/Specs.git:
    - FMDB
    - MJRefresh
  trunk:
    - SDWebImage

SPEC CHECKSUMS:
  FMDB: 2ce00b547f966261cd18927a3ddb07cb6f3db82a
  MJRefresh: ed450d6eb9d3346a2cb033ab7eb6de090aeef437
  SDWebImage: 5bf6aec6481ae2a062bdc59f9d6c1d1e552090e0

PODFILE CHECKSUM: d7990b5af7a8b1c55f3fab5e65b6e2c7814a2aa5

COCOAPODS: 1.8.4
